
Microsoft Visual Studio Solution File, Format Version 12.00
# Visual Studio Version 17
VisualStudioVersion = 17.9.34701.34
MinimumVisualStudioVersion = 10.0.40219.1
Project("{FAE04EC0-301F-11D3-BF4B-00C04F79EFBC}") = "StockToolkit.UITest", "StockToolkit.UITest\StockToolkit.UITest.csproj", "{D95A52DC-9D93-4C17-8517-5647C3123325}"
EndProject
Project("{FAE04EC0-301F-11D3-BF4B-00C04F79EFBC}") = "StockToolkit.DataAccess", "StockToolkit.DataAccess\StockToolkit.DataAccess.csproj", "{62E6D4F6-90E8-4EDA-9A1D-A9BC05B4C96D}"
EndProject
Project("{FAE04EC0-301F-11D3-BF4B-00C04F79EFBC}") = "StockToolkit.Model", "StockToolkit.Model\StockToolkit.Model.csproj", "{F3E2DCE3-6299-42E6-8065-E95AF38478C3}"
EndProject
Project("{FAE04EC0-301F-11D3-BF4B-00C04F79EFBC}") = "StockToolkit.UI", "StockToolkit.UI\StockToolkit.UI.csproj", "{2D17F8D0-72CD-42DE-9DA9-3CD68124B58F}"
EndProject
Project("{FAE04EC0-301F-11D3-BF4B-00C04F79EFBC}") = "StockToolkit.DataAccessTests", "StockToolkit.StockServiceTests\StockToolkit.DataAccessTests.csproj", "{FBFFB4AD-48CC-42C9-8615-B39AF1A58D7D}"
EndProject
Global
	GlobalSection(SolutionConfigurationPlatforms) = preSolution
		Debug|Any CPU = Debug|Any CPU
		Release|Any CPU = Release|Any CPU
	EndGlobalSection
	GlobalSection(ProjectConfigurationPlatforms) = postSolution
		{D95A52DC-9D93-4C17-8517-5647C3123325}.Debug|Any CPU.ActiveCfg = Debug|Any CPU
		{D95A52DC-9D93-4C17-8517-5647C3123325}.Debug|Any CPU.Build.0 = Debug|Any CPU
		{D95A52DC-9D93-4C17-8517-5647C3123325}.Release|Any CPU.ActiveCfg = Release|Any CPU
		{D95A52DC-9D93-4C17-8517-5647C3123325}.Release|Any CPU.Build.0 = Release|Any CPU
		{62E6D4F6-90E8-4EDA-9A1D-A9BC05B4C96D}.Debug|Any CPU.ActiveCfg = Debug|Any CPU
		{62E6D4F6-90E8-4EDA-9A1D-A9BC05B4C96D}.Debug|Any CPU.Build.0 = Debug|Any CPU
		{62E6D4F6-90E8-4EDA-9A1D-A9BC05B4C96D}.Release|Any CPU.ActiveCfg = Release|Any CPU
		{62E6D4F6-90E8-4EDA-9A1D-A9BC05B4C96D}.Release|Any CPU.Build.0 = Release|Any CPU
		{F3E2DCE3-6299-42E6-8065-E95AF38478C3}.Debug|Any CPU.ActiveCfg = Debug|Any CPU
		{F3E2DCE3-6299-42E6-8065-E95AF38478C3}.Debug|Any CPU.Build.0 = Debug|Any CPU
		{F3E2DCE3-6299-42E6-8065-E95AF38478C3}.Release|Any CPU.ActiveCfg = Release|Any CPU
		{F3E2DCE3-6299-42E6-8065-E95AF38478C3}.Release|Any CPU.Build.0 = Release|Any CPU
		{2D17F8D0-72CD-42DE-9DA9-3CD68124B58F}.Debug|Any CPU.ActiveCfg = Debug|Any CPU
		{2D17F8D0-72CD-42DE-9DA9-3CD68124B58F}.Debug|Any CPU.Build.0 = Debug|Any CPU
		{2D17F8D0-72CD-42DE-9DA9-3CD68124B58F}.Release|Any CPU.ActiveCfg = Release|Any CPU
		{2D17F8D0-72CD-42DE-9DA9-3CD68124B58F}.Release|Any CPU.Build.0 = Release|Any CPU
		{FBFFB4AD-48CC-42C9-8615-B39AF1A58D7D}.Debug|Any CPU.ActiveCfg = Debug|Any CPU
		{FBFFB4AD-48CC-42C9-8615-B39AF1A58D7D}.Debug|Any CPU.Build.0 = Debug|Any CPU
		{FBFFB4AD-48CC-42C9-8615-B39AF1A58D7D}.Release|Any CPU.ActiveCfg = Release|Any CPU
		{FBFFB4AD-48CC-42C9-8615-B39AF1A58D7D}.Release|Any CPU.Build.0 = Release|Any CPU
	EndGlobalSection
	GlobalSection(SolutionProperties) = preSolution
		HideSolutionNode = FALSE
	EndGlobalSection
	GlobalSection(ExtensibilityGlobals) = postSolution
		SolutionGuid = {6A7733AC-278B-4B23-8D3C-3544C8DA24A9}
	EndGlobalSection
EndGlobal
